schema: '2.0'
stages:
  data_ingestion:
    cmd: python src/data/data_ingestion.py
    deps:
    - path: src/data/data_ingestion.py
      hash: md5
      md5: 2b159cdbb50e6693ea7205c9845b0896
      size: 2232
    params:
      params.yaml:
        data_ingestion.test_size: 0.2
    outs:
    - path: data/raw
      hash: md5
      md5: 2f2c162357710472d505c47207b6ce17.dir
      size: 1084363
      nfiles: 2
  data_preprocessing:
    cmd: python src/data/data_preprocessing.py
    deps:
    - path: data/raw
      hash: md5
      md5: 2f2c162357710472d505c47207b6ce17.dir
      size: 1084363
      nfiles: 2
    - path: src/data/data_preprocessing.py
      hash: md5
      md5: 5137a3c232f455d614c195eb11f7f4e7
      size: 2429
    outs:
    - path: data/processed
      hash: md5
      md5: 7ea6afa07afa59193d0e430f54b3d714.dir
      size: 832177
      nfiles: 2
  feature_engineering:
    cmd: python src/features/feature_engineering.py
    deps:
    - path: data/processed
      hash: md5
      md5: 7ea6afa07afa59193d0e430f54b3d714.dir
      size: 832177
      nfiles: 2
    - path: src/features/feature_engineering.py
      hash: md5
      md5: 3b58682a5bab8547e27b3b597aee17fa
      size: 1305
    params:
      params.yaml:
        feature_engineering.max_features: 50
    outs:
    - path: data/features
      hash: md5
      md5: 352d5887631cc2037beb4025a0e94672.dir
      size: 3098377
      nfiles: 2
  model_building:
    cmd: python src/model/model_building.py
    deps:
    - path: data/features
      hash: md5
      md5: 352d5887631cc2037beb4025a0e94672.dir
      size: 3098377
      nfiles: 2
    - path: src/model/model_building.py
      hash: md5
      md5: aa93c5298df9463ff311e7a85fc92bc2
      size: 602
    params:
      params.yaml:
        model_building.learning_rate: 0.1
        model_building.n_estimators: 25
    outs:
    - path: model.pkl
      hash: md5
      md5: 08f2131e7b73c4d9db62eb66c2c621df
      size: 39777
  model_evaluation:
    cmd: python src/model/model_evaluation.py
    deps:
    - path: model.pkl
      hash: md5
      md5: 08f2131e7b73c4d9db62eb66c2c621df
      size: 39777
    - path: src/model/model_evaluation.py
      hash: md5
      md5: 1150224a003ddfb92fe97eee96626fa4
      size: 909
    outs:
    - path: metrics.json
      hash: md5
      md5: b0d528720505e29f0e396803a16c9c10
      size: 145
