schema: '2.0'
stages:
  data_ingestion:
    cmd: python src/data/data_ingestion.py
    deps:
    - path: src/data/data_ingestion.py
      hash: md5
      md5: 2b159cdbb50e6693ea7205c9845b0896
      size: 2232
    params:
      params.yaml:
        data_ingestion.test_size: 0.2
    outs:
    - path: data/raw
      hash: md5
      md5: 2f2c162357710472d505c47207b6ce17.dir
      size: 1084363
      nfiles: 2
  data_preprocessing:
    cmd: python src/data/data_preprocessing.py
    deps:
    - path: data/raw
      hash: md5
      md5: 2f2c162357710472d505c47207b6ce17.dir
      size: 1084363
      nfiles: 2
    - path: src/data/data_preprocessing.py
      hash: md5
      md5: 5137a3c232f455d614c195eb11f7f4e7
      size: 2429
    outs:
    - path: data/processed
      hash: md5
      md5: 7ea6afa07afa59193d0e430f54b3d714.dir
      size: 832177
      nfiles: 2
  feature_engineering:
    cmd: python src/features/feature_engineering.py
    deps:
    - path: data/processed
      hash: md5
      md5: 7ea6afa07afa59193d0e430f54b3d714.dir
      size: 832177
      nfiles: 2
    - path: src/features/feature_engineering.py
      hash: md5
      md5: 96334bde2c05697ca809f6fb7faf3d46
      size: 1313
    params:
      params.yaml:
        feature_engineering.max_features: 50
    outs:
    - path: data/features
      hash: md5
      md5: 251851b2412a8700c4c37b164236717e.dir
      size: 1489842
      nfiles: 2
  model_building:
    cmd: python src/model/model_building.py
    deps:
    - path: data/features
      hash: md5
      md5: 251851b2412a8700c4c37b164236717e.dir
      size: 1489842
      nfiles: 2
    - path: src/model/model_building.py
      hash: md5
      md5: e0e494eed9af47518d5b493dac6d120a
      size: 600
    params:
      params.yaml:
        model_building.learning_rate: 0.1
        model_building.n_estimators: 25
    outs:
    - path: model.pkl
      hash: md5
      md5: 01cb8e1c10537521095569b2370d8710
      size: 40065
  model_evaluation:
    cmd: python src/model/model_evaluation.py
    deps:
    - path: model.pkl
      hash: md5
      md5: 01cb8e1c10537521095569b2370d8710
      size: 40065
    - path: src/model/model_evaluation.py
      hash: md5
      md5: 0e4c7b4977d308bf89773d5c66569971
      size: 907
    outs:
    - path: metrics.json
      hash: md5
      md5: 42e9d97bf77367b1f9eb14b59c959ad1
      size: 143
